// !$*UTF8*$!
{
	archiveVersion = 1;
	classes = {
	};
	objectVersion = 50;
	objects = {

/* Begin PBXBuildFile section */
		9A403A6623A7D82A006224DB /* AppDelegate.swift in Sources */ = {isa = PBXBuildFile; fileRef = 9A403A6523A7D82A006224DB /* AppDelegate.swift */; };
		9A403A6823A7D82A006224DB /* SceneDelegate.swift in Sources */ = {isa = PBXBuildFile; fileRef = 9A403A6723A7D82A006224DB /* SceneDelegate.swift */; };
		9A403A6A23A7D82A006224DB /* ViewController.swift in Sources */ = {isa = PBXBuildFile; fileRef = 9A403A6923A7D82A006224DB /* ViewController.swift */; };
		9A403A6D23A7D82A006224DB /* Main.storyboard in Resources */ = {isa = PBXBuildFile; fileRef = 9A403A6B23A7D82A006224DB /* Main.storyboard */; };
		9A403A6F23A7D82E006224DB /* Assets.xcassets in Resources */ = {isa = PBXBuildFile; fileRef = 9A403A6E23A7D82E006224DB /* Assets.xcassets */; };
		9A403A7223A7D82E006224DB /* LaunchScreen.storyboard in Resources */ = {isa = PBXBuildFile; fileRef = 9A403A7023A7D82E006224DB /* LaunchScreen.storyboard */; };
		9A403A7D23A7D82F006224DB /* QRCodeScannerTests.swift in Sources */ = {isa = PBXBuildFile; fileRef = 9A403A7C23A7D82F006224DB /* QRCodeScannerTests.swift */; };
		9A403A8823A7D82F006224DB /* QRCodeScannerUITests.swift in Sources */ = {isa = PBXBuildFile; fileRef = 9A403A8723A7D82F006224DB /* QRCodeScannerUITests.swift */; };
/* End PBXBuildFile section */

/* Begin PBXContainerItemProxy section */
		9A403A7923A7D82F006224DB /* PBXContainerItemProxy */ = {
			isa = PBXContainerItemProxy;
			containerPortal = 9A403A5A23A7D82A006224DB /* Project object */;
			proxyType = 1;
			remoteGlobalIDString = 9A403A6123A7D82A006224DB;
			remoteInfo = QRCodeScanner;
		};
		9A403A8423A7D82F006224DB /* PBXContainerItemProxy */ = {
			isa = PBXContainerItemProxy;
			containerPortal = 9A403A5A23A7D82A006224DB /* Project object */;
			proxyType = 1;
			remoteGlobalIDString = 9A403A6123A7D82A006224DB;
			remoteInfo = QRCodeScanner;
		};
/* End PBXContainerItemProxy section */

/* Begin PBXFileReference section */
		9A403A6223A7D82A006224DB /* QRCodeScanner.app */ = {isa = PBXFileReference; explicitFileType = wrapper.application; includeInIndex = 0; path = QRCodeScanner.app; sourceTree = BUILT_PRODUCTS_DIR; };
		9A403A6523A7D82A006224DB /* AppDelegate.swift */ = {isa = PBXFileReference; lastKnownFileType = sourcecode.swift; path = AppDelegate.swift; sourceTree = "<group>"; };
		9A403A6723A7D82A006224DB /* SceneDelegate.swift */ = {isa = PBXFileReference; lastKnownFileType = sourcecode.swift; path = SceneDelegate.swift; sourceTree = "<group>"; };
		9A403A6923A7D82A006224DB /* ViewController.swift */ = {isa = PBXFileReference; lastKnownFileType = sourcecode.swift; path = ViewController.swift; sourceTree = "<group>"; };
		9A403A6C23A7D82A006224DB /* Base */ = {isa = PBXFileReference; lastKnownFileType = file.storyboard; name = Base; path = Base.lproj/Main.storyboard; sourceTree = "<group>"; };
		9A403A6E23A7D82E006224DB /* Assets.xcassets */ = {isa = PBXFileReference; lastKnownFileType = folder.assetcatalog; path = Assets.xcassets; sourceTree = "<group>"; };
		9A403A7123A7D82E006224DB /* Base */ = {isa = PBXFileReference; lastKnownFileType = file.storyboard; name = Base; path = Base.lproj/LaunchScreen.storyboard; sourceTree = "<group>"; };
		9A403A7323A7D82E006224DB /* Info.plist */ = {isa = PBXFileReference; lastKnownFileType = text.plist.xml; path = Info.plist; sourceTree = "<group>"; };
		9A403A7823A7D82F006224DB /* QRCodeScannerTests.xctest */ = {isa = PBXFileReference; explicitFileType = wrapper.cfbundle; includeInIndex = 0; path = QRCodeScannerTests.xctest; sourceTree = BUILT_PRODUCTS_DIR; };
		9A403A7C23A7D82F006224DB /* QRCodeScannerTests.swift */ = {isa = PBXFileReference; lastKnownFileType = sourcecode.swift; path = QRCodeScannerTests.swift; sourceTree = "<group>"; };
		9A403A7E23A7D82F006224DB /* Info.plist */ = {isa = PBXFileReference; lastKnownFileType = text.plist.xml; path = Info.plist; sourceTree = "<group>"; };
		9A403A8323A7D82F006224DB /* QRCodeScannerUITests.xctest */ = {isa = PBXFileReference; explicitFileType = wrapper.cfbundle; includeInIndex = 0; path = QRCodeScannerUITests.xctest; sourceTree = BUILT_PRODUCTS_DIR; };
		9A403A8723A7D82F006224DB /* QRCodeScannerUITests.swift */ = {isa = PBXFileReference; lastKnownFileType = sourcecode.swift; path = QRCodeScannerUITests.swift; sourceTree = "<group>"; };
		9A403A8923A7D82F006224DB /* Info.plist */ = {isa = PBXFileReference; lastKnownFileType = text.plist.xml; path = Info.plist; sourceTree = "<group>"; };
/* End PBXFileReference section */

/* Begin PBXFrameworksBuildPhase section */
		9A403A5F23A7D82A006224DB /* Frameworks */ = {
			isa = PBXFrameworksBuildPhase;
			buildActionMask = 2147483647;
			files = (
			);
			runOnlyForDeploymentPostprocessing = 0;
		};
		9A403A7523A7D82F006224DB /* Frameworks */ = {
			isa = PBXFrameworksBuildPhase;
			buildActionMask = 2147483647;
			files = (
			);
			runOnlyForDeploymentPostprocessing = 0;
		};
		9A403A8023A7D82F006224DB /* Frameworks */ = {
			isa = PBXFrameworksBuildPhase;
			buildActionMask = 2147483647;
			files = (
			);
			runOnlyForDeploymentPostprocessing = 0;
		};
/* End PBXFrameworksBuildPhase section */

/* Begin PBXGroup section */
		9A403A5923A7D82A006224DB = {
			isa = PBXGroup;
			children = (
				9A403A6423A7D82A006224DB /* QRCodeScanner */,
				9A403A7B23A7D82F006224DB /* QRCodeScannerTests */,
				9A403A8623A7D82F006224DB /* QRCodeScannerUITests */,
				9A403A6323A7D82A006224DB /* Products */,
			);
			sourceTree = "<group>";
		};
		9A403A6323A7D82A006224DB /* Products */ = {
			isa = PBXGroup;
			children = (
				9A403A6223A7D82A006224DB /* QRCodeScanner.app */,
				9A403A7823A7D82F006224DB /* QRCodeScannerTests.xctest */,
				9A403A8323A7D82F006224DB /* QRCodeScannerUITests.xctest */,
			);
			name = Products;
			sourceTree = "<group>";
		};
		9A403A6423A7D82A006224DB /* QRCodeScanner */ = {
			isa = PBXGroup;
			children = (
				9A403A6523A7D82A006224DB /* AppDelegate.swift */,
				9A403A6723A7D82A006224DB /* SceneDelegate.swift */,
				9A403A6923A7D82A006224DB /* ViewController.swift */,
				9A403A6B23A7D82A006224DB /* Main.storyboard */,
				9A403A6E23A7D82E006224DB /* Assets.xcassets */,
				9A403A7023A7D82E006224DB /* LaunchScreen.storyboard */,
				9A403A7323A7D82E006224DB /* Info.plist */,
			);
			path = QRCodeScanner;
			sourceTree = "<group>";
		};
		9A403A7B23A7D82F006224DB /* QRCodeScannerTests */ = {
			isa = PBXGroup;
			children = (
				9A403A7C23A7D82F006224DB /* QRCodeScannerTests.swift */,
				9A403A7E23A7D82F006224DB /* Info.plist */,
			);
			path = QRCodeScannerTests;
			sourceTree = "<group>";
		};
		9A403A8623A7D82F006224DB /* QRCodeScannerUITests */ = {
			isa = PBXGroup;
			children = (
				9A403A8723A7D82F006224DB /* QRCodeScannerUITests.swift */,
				9A403A8923A7D82F006224DB /* Info.plist */,
			);
			path = QRCodeScannerUITests;
			sourceTree = "<group>";
		};
/* End PBXGroup section */

/* Begin PBXNativeTarget section */
		9A403A6123A7D82A006224DB /* QRCodeScanner */ = {
			isa = PBXNativeTarget;
			buildConfigurationList = 9A403A8C23A7D82F006224DB /* Build configuration list for PBXNativeTarget "QRCodeScanner" */;
			buildPhases = (
				9A403A5E23A7D82A006224DB /* Sources */,
				9A403A5F23A7D82A006224DB /* Frameworks */,
				9A403A6023A7D82A006224DB /* Resources */,
			);
			buildRules = (
			);
			dependencies = (
			);
			name = QRCodeScanner;
			productName = QRCodeScanner;
			productReference = 9A403A6223A7D82A006224DB /* QRCodeScanner.app */;
			productType = "com.apple.product-type.application";
		};
		9A403A7723A7D82F006224DB /* QRCodeScannerTests */ = {
			isa = PBXNativeTarget;
			buildConfigurationList = 9A403A8F23A7D82F006224DB /* Build configuration list for PBXNativeTarget "QRCodeScannerTests" */;
			buildPhases = (
				9A403A7423A7D82F006224DB /* Sources */,
				9A403A7523A7D82F006224DB /* Frameworks */,
				9A403A7623A7D82F006224DB /* Resources */,
			);
			buildRules = (
			);
			dependencies = (
				9A403A7A23A7D82F006224DB /* PBXTargetDependency */,
			);
			name = QRCodeScannerTests;
			productName = QRCodeScannerTests;
			productReference = 9A403A7823A7D82F006224DB /* QRCodeScannerTests.xctest */;
			productType = "com.apple.product-type.bundle.unit-test";
		};
		9A403A8223A7D82F006224DB /* QRCodeScannerUITests */ = {
			isa = PBXNativeTarget;
			buildConfigurationList = 9A403A9223A7D82F006224DB /* Build configuration list for PBXNativeTarget "QRCodeScannerUITests" */;
			buildPhases = (
				9A403A7F23A7D82F006224DB /* Sources */,
				9A403A8023A7D82F006224DB /* Frameworks */,
				9A403A8123A7D82F006224DB /* Resources */,
			);
			buildRules = (
			);
			dependencies = (
				9A403A8523A7D82F006224DB /* PBXTargetDependency */,
			);
			name = QRCodeScannerUITests;
			productName = QRCodeScannerUITests;
			productReference = 9A403A8323A7D82F006224DB /* QRCodeScannerUITests.xctest */;
			productType = "com.apple.product-type.bundle.ui-testing";
		};
/* End PBXNativeTarget section */

/* Begin PBXProject section */
		9A403A5A23A7D82A006224DB /* Project object */ = {
			isa = PBXProject;
			attributes = {
				LastSwiftUpdateCheck = 1120;
				LastUpgradeCheck = 1120;
				ORGANIZATIONNAME = "Majdi Felah";
				TargetAttributes = {
					9A403A6123A7D82A006224DB = {
						CreatedOnToolsVersion = 11.2.1;
					};
					9A403A7723A7D82F006224DB = {
						CreatedOnToolsVersion = 11.2.1;
						TestTargetID = 9A403A6123A7D82A006224DB;
					};
					9A403A8223A7D82F006224DB = {
						CreatedOnToolsVersion = 11.2.1;
						TestTargetID = 9A403A6123A7D82A006224DB;
					};
				};
			};
			buildConfigurationList = 9A403A5D23A7D82A006224DB /* Build configuration list for PBXProject "QRCodeScanner" */;
			compatibilityVersion = "Xcode 9.3";
			developmentRegion = en;
			hasScannedForEncodings = 0;
			knownRegions = (
				en,
				Base,
			);
			mainGroup = 9A403A5923A7D82A006224DB;
			productRefGroup = 9A403A6323A7D82A006224DB /* Products */;
			projectDirPath = "";
			projectRoot = "";
			targets = (
				9A403A6123A7D82A006224DB /* QRCodeScanner */,
				9A403A7723A7D82F006224DB /* QRCodeScannerTests */,
				9A403A8223A7D82F006224DB /* QRCodeScannerUITests */,
			);
		};
/* End PBXProject section */

/* Begin PBXResourcesBuildPhase section */
		9A403A6023A7D82A006224DB /* Resources */ = {
			isa = PBXResourcesBuildPhase;
			buildActionMask = 2147483647;
			files = (
				9A403A7223A7D82E006224DB /* LaunchScreen.storyboard in Resources */,
				9A403A6F23A7D82E006224DB /* Assets.xcassets in Resources */,
				9A403A6D23A7D82A006224DB /* Main.storyboard in Resources */,
			);
			runOnlyForDeploymentPostprocessing = 0;
		};
		9A403A7623A7D82F006224DB /* Resources */ = {
			isa = PBXResourcesBuildPhase;
			buildActionMask = 2147483647;
			files = (
			);
			runOnlyForDeploymentPostprocessing = 0;
		};
		9A403A8123A7D82F006224DB /* Resources */ = {
			isa = PBXResourcesBuildPhase;
			buildActionMask = 2147483647;
			files = (
			);
			runOnlyForDeploymentPostprocessing = 0;
		};
/* End PBXResourcesBuildPhase section */

/* Begin PBXSourcesBuildPhase section */
		9A403A5E23A7D82A006224DB /* Sources */ = {
			isa = PBXSourcesBuildPhase;
			buildActionMask = 2147483647;
			files = (
				9A403A6A23A7D82A006224DB /* ViewController.swift in Sources */,
				9A403A6623A7D82A006224DB /* AppDelegate.swift in Sources */,
				9A403A6823A7D82A006224DB /* SceneDelegate.swift in Sources */,
			);
			runOnlyForDeploymentPostprocessing = 0;
		};
		9A403A7423A7D82F006224DB /* Sources */ = {
			isa = PBXSourcesBuildPhase;
			buildActionMask = 2147483647;
			files = (
				9A403A7D23A7D82F006224DB /* QRCodeScannerTests.swift in Sources */,
			);
			runOnlyForDeploymentPostprocessing = 0;
		};
		9A403A7F23A7D82F006224DB /* Sources */ = {
			isa = PBXSourcesBuildPhase;
			buildActionMask = 2147483647;
			files = (
				9A403A8823A7D82F006224DB /* QRCodeScannerUITests.swift in Sources */,
			);
			runOnlyForDeploymentPostprocessing = 0;
		};
/* End PBXSourcesBuildPhase section */

/* Begin PBXTargetDependency section */
		9A403A7A23A7D82F006224DB /* PBXTargetDependency */ = {
			isa = PBXTargetDependency;
			target = 9A403A6123A7D82A006224DB /* QRCodeScanner */;
			targetProxy = 9A403A7923A7D82F006224DB /* PBXContainerItemProxy */;
		};
		9A403A8523A7D82F006224DB /* PBXTargetDependency */ = {
			isa = PBXTargetDependency;
			target = 9A403A6123A7D82A006224DB /* QRCodeScanner */;
			targetProxy = 9A403A8423A7D82F006224DB /* PBXContainerItemProxy */;
		};
/* End PBXTargetDependency section */

/* Begin PBXVariantGroup section */
		9A403A6B23A7D82A006224DB /* Main.storyboard */ = {
			isa = PBXVariantGroup;
			children = (
				9A403A6C23A7D82A006224DB /* Base */,
			);
			name = Main.storyboard;
			sourceTree = "<group>";
		};
		9A403A7023A7D82E006224DB /* LaunchScreen.storyboard */ = {
			isa = PBXVariantGroup;
			children = (
				9A403A7123A7D82E006224DB /* Base */,
			);
			name = LaunchScreen.storyboard;
			sourceTree = "<group>";
		};
/* End PBXVariantGroup section */

/* Begin XCBuildConfiguration section */
		9A403A8A23A7D82F006224DB /* Debug */ = {
			isa = XCBuildConfiguration;
			buildSettings = {
				ALWAYS_SEARCH_USER_PATHS = NO;
				CLANG_ANALYZER_NONNULL = YES;
				CLANG_ANALYZER_NUMBER_OBJECT_CONVERSION = YES_AGGRESSIVE;
				CLANG_CXX_LANGUAGE_STANDARD = "gnu++14";
				CLANG_CXX_LIBRARY = "libc++";
				CLANG_ENABLE_MODULES = YES;
				CLANG_ENABLE_OBJC_ARC = YES;
				CLANG_ENABLE_OBJC_WEAK = YES;
				CLANG_WARN_BLOCK_CAPTURE_AUTORELEASING = YES;
				CLANG_WARN_BOOL_CONVERSION = YES;
				CLANG_WARN_COMMA = YES;
				CLANG_WARN_CONSTANT_CONVERSION = YES;
				CLANG_WARN_DEPRECATED_OBJC_IMPLEMENTATIONS = YES;
				CLANG_WARN_DIRECT_OBJC_ISA_USAGE = YES_ERROR;
				CLANG_WARN_DOCUMENTATION_COMMENTS = YES;
				CLANG_WARN_EMPTY_BODY = YES;
				CLANG_WARN_ENUM_CONVERSION = YES;
				CLANG_WARN_INFINITE_RECURSION = YES;
				CLANG_WARN_INT_CONVERSION = YES;
				CLANG_WARN_NON_LITERAL_NULL_CONVERSION = YES;
				CLANG_WARN_OBJC_IMPLICIT_RETAIN_SELF = YES;
				CLANG_WARN_OBJC_LITERAL_CONVERSION = YES;
				CLANG_WARN_OBJC_ROOT_CLASS = YES_ERROR;
				CLANG_WARN_RANGE_LOOP_ANALYSIS = YES;
				CLANG_WARN_STRICT_PROTOTYPES = YES;
				CLANG_WARN_SUSPICIOUS_MOVE = YES;
				CLANG_WARN_UNGUARDED_AVAILABILITY = YES_AGGRESSIVE;
				CLANG_WARN_UNREACHABLE_CODE = YES;
				CLANG_WARN__DUPLICATE_METHOD_MATCH = YES;
				COPY_PHASE_STRIP = NO;
				DEBUG_INFORMATION_FORMAT = dwarf;
				ENABLE_STRICT_OBJC_MSGSEND = YES;
				ENABLE_TESTABILITY = YES;
				GCC_C_LANGUAGE_STANDARD = gnu11;
				GCC_DYNAMIC_NO_PIC = NO;
				GCC_NO_COMMON_BLOCKS = YES;
				GCC_OPTIMIZATION_LEVEL = 0;
				GCC_PREPROCESSOR_DEFINITIONS = (
					"DEBUG=1",
					"$(inherited)",
				);
				GCC_WARN_64_TO_32_BIT_CONVERSION = YES;
				GCC_WARN_ABOUT_RETURN_TYPE = YES_ERROR;
				GCC_WARN_UNDECLARED_SELECTOR = YES;
				GCC_WARN_UNINITIALIZED_AUTOS = YES_AGGRESSIVE;
				GCC_WARN_UNUSED_FUNCTION = YES;
				GCC_WARN_UNUSED_VARIABLE = YES;
				IPHONEOS_DEPLOYMENT_TARGET = 13.2;
				MTL_ENABLE_DEBUG_INFO = INCLUDE_SOURCE;
				MTL_FAST_MATH = YES;
				ONLY_ACTIVE_ARCH = YES;
				SDKROOT = iphoneos;
				SWIFT_ACTIVE_COMPILATION_CONDITIONS = DEBUG;
				SWIFT_OPTIMIZATION_LEVEL = "-Onone";
			};
			name = Debug;
		};
		9A403A8B23A7D82F006224DB /* Release */ = {
			isa = XCBuildConfiguration;
			buildSettings = {
				ALWAYS_SEARCH_USER_PATHS = NO;
				CLANG_ANALYZER_NONNULL = YES;
				CLANG_ANALYZER_NUMBER_OBJECT_CONVERSION = YES_AGGRESSIVE;
				CLANG_CXX_LANGUAGE_STANDARD = "gnu++14";
				CLANG_CXX_LIBRARY = "libc++";
				CLANG_ENABLE_MODULES = YES;
				CLANG_ENABLE_OBJC_ARC = YES;
				CLANG_ENABLE_OBJC_WEAK = YES;
				CLANG_WARN_BLOCK_CAPTURE_AUTORELEASING = YES;
				CLANG_WARN_BOOL_CONVERSION = YES;
				CLANG_WARN_COMMA = YES;
				CLANG_WARN_CONSTANT_CONVERSION = YES;
				CLANG_WARN_DEPRECATED_OBJC_IMPLEMENTATIONS = YES;
				CLANG_WARN_DIRECT_OBJC_ISA_USAGE = YES_ERROR;
				CLANG_WARN_DOCUMENTATION_COMMENTS = YES;
				CLANG_WARN_EMPTY_BODY = YES;
				CLANG_WARN_ENUM_CONVERSION = YES;
				CLANG_WARN_INFINITE_RECURSION = YES;
				CLANG_WARN_INT_CONVERSION = YES;
				CLANG_WARN_NON_LITERAL_NULL_CONVERSION = YES;
				CLANG_WARN_OBJC_IMPLICIT_RETAIN_SELF = YES;
				CLANG_WARN_OBJC_LITERAL_CONVERSION = YES;
				CLANG_WARN_OBJC_ROOT_CLASS = YES_ERROR;
				CLANG_WARN_RANGE_LOOP_ANALYSIS = YES;
				CLANG_WARN_STRICT_PROTOTYPES = YES;
				CLANG_WARN_SUSPICIOUS_MOVE = YES;
				CLANG_WARN_UNGUARDED_AVAILABILITY = YES_AGGRESSIVE;
				CLANG_WARN_UNREACHABLE_CODE = YES;
				CLANG_WARN__DUPLICATE_METHOD_MATCH = YES;
				COPY_PHASE_STRIP = NO;
				DEBUG_INFORMATION_FORMAT = "dwarf-with-dsym";
				ENABLE_NS_ASSERTIONS = NO;
				ENABLE_STRICT_OBJC_MSGSEND = YES;
				GCC_C_LANGUAGE_STANDARD = gnu11;
				GCC_NO_COMMON_BLOCKS = YES;
				GCC_WARN_64_TO_32_BIT_CONVERSION = YES;
				GCC_WARN_ABOUT_RETURN_TYPE = YES_ERROR;
				GCC_WARN_UNDECLARED_SELECTOR = YES;
				GCC_WARN_UNINITIALIZED_AUTOS = YES_AGGRESSIVE;
				GCC_WARN_UNUSED_FUNCTION = YES;
				GCC_WARN_UNUSED_VARIABLE = YES;
				IPHONEOS_DEPLOYMENT_TARGET = 13.2;
				MTL_ENABLE_DEBUG_INFO = NO;
				MTL_FAST_MATH = YES;
				SDKROOT = iphoneos;
				SWIFT_COMPILATION_MODE = wholemodule;
				SWIFT_OPTIMIZATION_LEVEL = "-O";
				VALIDATE_PRODUCT = YES;
			};
			name = Release;
		};
		9A403A8D23A7D82F006224DB /* Debug */ = {
			isa = XCBuildConfiguration;
			buildSettings = {
				ASSETCATALOG_COMPILER_APPICON_NAME = AppIcon;
				CODE_SIGN_STYLE = Automatic;
				DEVELOPMENT_TEAM = VKNB5G6TRT;
				INFOPLIST_FILE = QRCodeScanner/Info.plist;
				LD_RUNPATH_SEARCH_PATHS = (
					"$(inherited)",
					"@executable_path/Frameworks",
				);
				MARKETING_VERSION = 1.0;
				PRODUCT_BUNDLE_IDENTIFIER = com.felah.majdi.QRCodeScanner;
				PRODUCT_NAME = "$(TARGET_NAME)";
				SWIFT_VERSION = 5.0;
				TARGETED_DEVICE_FAMILY = "1,2";
			};
			name = Debug;
		};
		9A403A8E23A7D82F006224DB /* Release */ = {
			isa = XCBuildConfiguration;
			buildSettings = {
				ASSETCATALOG_COMPILER_APPICON_NAME = AppIcon;
				CODE_SIGN_STYLE = Automatic;
				DEVELOPMENT_TEAM = VKNB5G6TRT;
				INFOPLIST_FILE = QRCodeScanner/Info.plist;
				LD_RUNPATH_SEARCH_PATHS = (
					"$(inherited)",
					"@executable_path/Frameworks",
				);
				MARKETING_VERSION = 1.0;
				PRODUCT_BUNDLE_IDENTIFIER = com.felah.majdi.QRCodeScanner;
				PRODUCT_NAME = "$(TARGET_NAME)";
				SWIFT_VERSION = 5.0;
				TARGETED_DEVICE_FAMILY = "1,2";
			};
			name = Release;
		};
		9A403A9023A7D82F006224DB /* Debug */ = {
			isa = XCBuildConfiguration;
			buildSettings = {
				ALWAYS_EMBED_SWIFT_STANDARD_LIBRARIES = YES;
				BUNDLE_LOADER = "$(TEST_HOST)";
				CODE_SIGN_STYLE = Automatic;
				INFOPLIST_FILE = QRCodeScannerTests/Info.plist;
				IPHONEOS_DEPLOYMENT_TARGET = 13.2;
				LD_RUNPATH_SEARCH_PATHS = (
					"$(inherited)",
					"@executable_path/Frameworks",
					"@loader_path/Frameworks",
				);
				PRODUCT_BUNDLE_IDENTIFIER = com.felah.majdi.QRCodeScannerTests;
				PRODUCT_NAME = "$(TARGET_NAME)";
				SWIFT_VERSION = 5.0;
				TARGETED_DEVICE_FAMILY = "1,2";
				TEST_HOST = "$(BUILT_PRODUCTS_DIR)/QRCodeScanner.app/QRCodeScanner";
			};
			name = Debug;
		};
		9A403A9123A7D82F006224DB /* Release */ = {
			isa = XCBuildConfiguration;
			buildSettings = {
				ALWAYS_EMBED_SWIFT_STANDARD_LIBRARIES = YES;
				BUNDLE_LOADER = "$(TEST_HOST)";
				CODE_SIGN_STYLE = Automatic;
				INFOPLIST_FILE = QRCodeScannerTests/Info.plist;
				IPHONEOS_DEPLOYMENT_TARGET = 13.2;
				LD_RUNPATH_SEARCH_PATHS = (
					"$(inherited)",
					"@executable_path/Frameworks",
					"@loader_path/Frameworks",
				);
				PRODUCT_BUNDLE_IDENTIFIER = com.felah.majdi.QRCodeScannerTests;
				PRODUCT_NAME = "$(TARGET_NAME)";
				SWIFT_VERSION = 5.0;
				TARGETED_DEVICE_FAMILY = "1,2";
				TEST_HOST = "$(BUILT_PRODUCTS_DIR)/QRCodeScanner.app/QRCodeScanner";
			};
			name = Release;
		};
		9A403A9323A7D82F006224DB /* Debug */ = {
			isa = XCBuildConfiguration;
			buildSettings = {
				ALWAYS_EMBED_SWIFT_STANDARD_LIBRARIES = YES;
				CODE_SIGN_STYLE = Automatic;
				INFOPLIST_FILE = QRCodeScannerUITests/Info.plist;
				LD_RUNPATH_SEARCH_PATHS = (
					"$(inherited)",
					"@executable_path/Frameworks",
					"@loader_path/Frameworks",
				);
				PRODUCT_BUNDLE_IDENTIFIER = com.felah.majdi.QRCodeScannerUITests;
				PRODUCT_NAME = "$(TARGET_NAME)";
				SWIFT_VERSION = 5.0;
				TARGETED_DEVICE_FAMILY = "1,2";
				TEST_TARGET_NAME = QRCodeScanner;
			};
			name = Debug;
		};
		9A403A9423A7D82F006224DB /* Release */ = {
			isa = XCBuildConfiguration;
			buildSettings = {
				ALWAYS_EMBED_SWIFT_STANDARD_LIBRARIES = YES;
				CODE_SIGN_STYLE = Automatic;
				INFOPLIST_FILE = QRCodeScannerUITests/Info.plist;
				LD_RUNPATH_SEARCH_PATHS = (
					"$(inherited)",
					"@executable_path/Frameworks",
					"@loader_path/Frameworks",
				);
				PRODUCT_BUNDLE_IDENTIFIER = com.felah.majdi.QRCodeScannerUITests;
				PRODUCT_NAME = "$(TARGET_NAME)";
				SWIFT_VERSION = 5.0;
				TARGETED_DEVICE_FAMILY = "1,2";
				TEST_TARGET_NAME = QRCodeScanner;
			};
			name = Release;
		};
/* End XCBuildConfiguration section */

/* Begin XCConfigurationList section */
		9A403A5D23A7D82A006224DB /* Build configuration list for PBXProject "QRCodeScanner" */ = {
			isa = XCConfigurationList;
			buildConfigurations = (
				9A403A8A23A7D82F006224DB /* Debug */,
				9A403A8B23A7D82F006224DB /* Release */,
			);
			defaultConfigurationIsVisible = 0;
			defaultConfigurationName = Release;
		};
		9A403A8C23A7D82F006224DB /* Build configuration list for PBXNativeTarget "QRCodeScanner" */ = {
			isa = XCConfigurationList;
			buildConfigurations = (
				9A403A8D23A7D82F006224DB /* Debug */,
				9A403A8E23A7D82F006224DB /* Release */,
			);
			defaultConfigurationIsVisible = 0;
			defaultConfigurationName = Release;
		};
		9A403A8F23A7D82F006224DB /* Build configuration list for PBXNativeTarget "QRCodeScannerTests" */ = {
			isa = XCConfigurationList;
			buildConfigurations = (
				9A403A9023A7D82F006224DB /* Debug */,
				9A403A9123A7D82F006224DB /* Release */,
			);
			defaultConfigurationIsVisible = 0;
			defaultConfigurationName = Release;
		};
		9A403A9223A7D82F006224DB /* Build configuration list for PBXNativeTarget "QRCodeScannerUITests" */ = {
			isa = XCConfigurationList;
			buildConfigurations = (
				9A403A9323A7D82F006224DB /* Debug */,
				9A403A9423A7D82F006224DB /* Release */,
			);
			defaultConfigurationIsVisible = 0;
			defaultConfigurationName = Release;
		};
/* End XCConfigurationList section */
	};
	rootObject = 9A403A5A23A7D82A006224DB /* Project object */;
}
